
Microsoft Visual Studio Solution File, Format Version 12.00
# Visual Studio Version 17
VisualStudioVersion = 17.3.32929.385
MinimumVisualStudioVersion = 10.0.40219.1
Project("{FAE04EC0-301F-11D3-BF4B-00C04F79EFBC}") = "SaveItemTweaks", "SaveItemTweaks.csproj", "{78C16A91-6542-4EF8-9806-7A8402BC1006}"
EndProject
Global
	GlobalSection(SolutionConfigurationPlatforms) = preSolution
		Debug|Any CPU = Debug|Any CPU
		Release|Any CPU = Release|Any CPU
	EndGlobalSection
	GlobalSection(ProjectConfigurationPlatforms) = postSolution
		{78C16A91-6542-4EF8-9806-7A8402BC1006}.Debug|Any CPU.ActiveCfg = Debug|Any CPU
		{78C16A91-6542-4EF8-9806-7A8402BC1006}.Debug|Any CPU.Build.0 = Debug|Any CPU
		{78C16A91-6542-4EF8-9806-7A8402BC1006}.Release|Any CPU.ActiveCfg = Release|Any CPU
		{78C16A91-6542-4EF8-9806-7A8402BC1006}.Release|Any CPU.Build.0 = Release|Any CPU
	EndGlobalSection
	GlobalSection(SolutionProperties) = preSolution
		HideSolutionNode = FALSE
	EndGlobalSection
	GlobalSection(ExtensibilityGlobals) = postSolution
		SolutionGuid = {BD367644-0870-4CB0-B9BC-9CD7E8BD4817}
	EndGlobalSection
EndGlobal
